
Microsoft Visual Studio Solution File, Format Version 12.00
# Visual Studio 14
VisualStudioVersion = 14.0.25420.1
MinimumVisualStudioVersion = 10.0.40219.1
Project("{FAE04EC0-301F-11D3-BF4B-00C04F79EFBC}") = "JobSearch", "JobSearch\JobSearch.csproj", "{6E3C021E-63A9-4BF0-B33C-77DDC1D07FB8}"
EndProject
Project("{FAE04EC0-301F-11D3-BF4B-00C04F79EFBC}") = "JobSearch.Tests", "JobSearch.Tests\JobSearch.Tests.csproj", "{E3C10726-956A-4E06-8573-A0012F82B6A4}"
EndProject
Project("{FAE04EC0-301F-11D3-BF4B-00C04F79EFBC}") = "JobSearch.Web", "JobSearch.Web\JobSearch.Web.csproj", "{83DA08FA-FD5A-4DD6-95E5-1D911711517F}"
EndProject
Project("{FAE04EC0-301F-11D3-BF4B-00C04F79EFBC}") = "JobSearch.Web.Tests", "JobSearch.Web.Tests\JobSearch.Web.Tests.csproj", "{F2A06E14-AFA5-468A-9C6A-4CD01204EB9D}"
EndProject
Project("{FAE04EC0-301F-11D3-BF4B-00C04F79EFBC}") = "JobSearch.Model", "JobSearch.Model\JobSearch.Model.csproj", "{034FF942-909D-4B3C-A90C-6380759EA318}"
EndProject
Project("{FAE04EC0-301F-11D3-BF4B-00C04F79EFBC}") = "JobSearch.WebAPI", "JobSearch.WebAPI\JobSearch.WebAPI.csproj", "{055076AA-8570-47A0-8FDE-6830DE68FD54}"
EndProject
Project("{FAE04EC0-301F-11D3-BF4B-00C04F79EFBC}") = "JobSearch.WebAPI.Tests", "JobSearch.WebAPI.Tests\JobSearch.WebAPI.Tests.csproj", "{C4D22C4A-B740-4213-866C-72E983072BFF}"
EndProject
Project("{FAE04EC0-301F-11D3-BF4B-00C04F79EFBC}") = "JobSearch.APIHelper", "JobSearch.APIHelper\JobSearch.APIHelper.csproj", "{DC905E41-37A1-4429-A445-31BD5E3A8F40}"
EndProject
Project("{FAE04EC0-301F-11D3-BF4B-00C04F79EFBC}") = "JobSearch.DataAcccess", "JobSearch.DataAcccess\JobSearch.DataAcccess.csproj", "{810E714F-396C-4E72-8945-8258EF8FE5BE}"
EndProject
Project("{2150E333-8FDC-42A3-9474-1A3956D46DE8}") = "TestProjects", "TestProjects", "{C4389B09-C096-49FB-9994-865FBCFF96B2}"
EndProject
Project("{2150E333-8FDC-42A3-9474-1A3956D46DE8}") = "Legacy", "Legacy", "{C050886F-D678-41DD-915A-E47FB5A56F06}"
EndProject
Project("{2150E333-8FDC-42A3-9474-1A3956D46DE8}") = "DataBaseBackUp", "DataBaseBackUp", "{EF02F808-3509-4A61-94BE-32610E6DD33C}"
	ProjectSection(SolutionItems) = preProject
		DataBaseBackUp\JobPortal.bak = DataBaseBackUp\JobPortal.bak
		DataBaseBackUp\JobPortal_Scripts.sql = DataBaseBackUp\JobPortal_Scripts.sql
	EndProjectSection
EndProject
Global
	GlobalSection(SolutionConfigurationPlatforms) = preSolution
		Debug|Any CPU = Debug|Any CPU
		Release|Any CPU = Release|Any CPU
	EndGlobalSection
	GlobalSection(ProjectConfigurationPlatforms) = postSolution
		{6E3C021E-63A9-4BF0-B33C-77DDC1D07FB8}.Debug|Any CPU.ActiveCfg = Debug|Any CPU
		{6E3C021E-63A9-4BF0-B33C-77DDC1D07FB8}.Debug|Any CPU.Build.0 = Debug|Any CPU
		{6E3C021E-63A9-4BF0-B33C-77DDC1D07FB8}.Release|Any CPU.ActiveCfg = Release|Any CPU
		{6E3C021E-63A9-4BF0-B33C-77DDC1D07FB8}.Release|Any CPU.Build.0 = Release|Any CPU
		{E3C10726-956A-4E06-8573-A0012F82B6A4}.Debug|Any CPU.ActiveCfg = Debug|Any CPU
		{E3C10726-956A-4E06-8573-A0012F82B6A4}.Debug|Any CPU.Build.0 = Debug|Any CPU
		{E3C10726-956A-4E06-8573-A0012F82B6A4}.Release|Any CPU.ActiveCfg = Release|Any CPU
		{E3C10726-956A-4E06-8573-A0012F82B6A4}.Release|Any CPU.Build.0 = Release|Any CPU
		{83DA08FA-FD5A-4DD6-95E5-1D911711517F}.Debug|Any CPU.ActiveCfg = Debug|Any CPU
		{83DA08FA-FD5A-4DD6-95E5-1D911711517F}.Debug|Any CPU.Build.0 = Debug|Any CPU
		{83DA08FA-FD5A-4DD6-95E5-1D911711517F}.Release|Any CPU.ActiveCfg = Release|Any CPU
		{83DA08FA-FD5A-4DD6-95E5-1D911711517F}.Release|Any CPU.Build.0 = Release|Any CPU
		{F2A06E14-AFA5-468A-9C6A-4CD01204EB9D}.Debug|Any CPU.ActiveCfg = Debug|Any CPU
		{F2A06E14-AFA5-468A-9C6A-4CD01204EB9D}.Debug|Any CPU.Build.0 = Debug|Any CPU
		{F2A06E14-AFA5-468A-9C6A-4CD01204EB9D}.Release|Any CPU.ActiveCfg = Release|Any CPU
		{F2A06E14-AFA5-468A-9C6A-4CD01204EB9D}.Release|Any CPU.Build.0 = Release|Any CPU
		{034FF942-909D-4B3C-A90C-6380759EA318}.Debug|Any CPU.ActiveCfg = Debug|Any CPU
		{034FF942-909D-4B3C-A90C-6380759EA318}.Debug|Any CPU.Build.0 = Debug|Any CPU
		{034FF942-909D-4B3C-A90C-6380759EA318}.Release|Any CPU.ActiveCfg = Release|Any CPU
		{034FF942-909D-4B3C-A90C-6380759EA318}.Release|Any CPU.Build.0 = Release|Any CPU
		{055076AA-8570-47A0-8FDE-6830DE68FD54}.Debug|Any CPU.ActiveCfg = Debug|Any CPU
		{055076AA-8570-47A0-8FDE-6830DE68FD54}.Debug|Any CPU.Build.0 = Debug|Any CPU
		{055076AA-8570-47A0-8FDE-6830DE68FD54}.Release|Any CPU.ActiveCfg = Release|Any CPU
		{055076AA-8570-47A0-8FDE-6830DE68FD54}.Release|Any CPU.Build.0 = Release|Any CPU
		{C4D22C4A-B740-4213-866C-72E983072BFF}.Debug|Any CPU.ActiveCfg = Debug|Any CPU
		{C4D22C4A-B740-4213-866C-72E983072BFF}.Debug|Any CPU.Build.0 = Debug|Any CPU
		{C4D22C4A-B740-4213-866C-72E983072BFF}.Release|Any CPU.ActiveCfg = Release|Any CPU
		{C4D22C4A-B740-4213-866C-72E983072BFF}.Release|Any CPU.Build.0 = Release|Any CPU
		{DC905E41-37A1-4429-A445-31BD5E3A8F40}.Debug|Any CPU.ActiveCfg = Debug|Any CPU
		{DC905E41-37A1-4429-A445-31BD5E3A8F40}.Debug|Any CPU.Build.0 = Debug|Any CPU
		{DC905E41-37A1-4429-A445-31BD5E3A8F40}.Release|Any CPU.ActiveCfg = Release|Any CPU
		{DC905E41-37A1-4429-A445-31BD5E3A8F40}.Release|Any CPU.Build.0 = Release|Any CPU
		{810E714F-396C-4E72-8945-8258EF8FE5BE}.Debug|Any CPU.ActiveCfg = Debug|Any CPU
		{810E714F-396C-4E72-8945-8258EF8FE5BE}.Debug|Any CPU.Build.0 = Debug|Any CPU
		{810E714F-396C-4E72-8945-8258EF8FE5BE}.Release|Any CPU.ActiveCfg = Release|Any CPU
		{810E714F-396C-4E72-8945-8258EF8FE5BE}.Release|Any CPU.Build.0 = Release|Any CPU
	EndGlobalSection
	GlobalSection(SolutionProperties) = preSolution
		HideSolutionNode = FALSE
	EndGlobalSection
	GlobalSection(NestedProjects) = preSolution
		{6E3C021E-63A9-4BF0-B33C-77DDC1D07FB8} = {C050886F-D678-41DD-915A-E47FB5A56F06}
		{E3C10726-956A-4E06-8573-A0012F82B6A4} = {C4389B09-C096-49FB-9994-865FBCFF96B2}
		{F2A06E14-AFA5-468A-9C6A-4CD01204EB9D} = {C4389B09-C096-49FB-9994-865FBCFF96B2}
		{C4D22C4A-B740-4213-866C-72E983072BFF} = {C4389B09-C096-49FB-9994-865FBCFF96B2}
	EndGlobalSection
EndGlobal
